
Microsoft Visual Studio Solution File, Format Version 12.00
# Visual Studio Version 17
VisualStudioVersion = 17.8.34408.163
MinimumVisualStudioVersion = 10.0.40219.1
Project("{FAE04EC0-301F-11D3-BF4B-00C04F79EFBC}") = "DBoperationsWIthEFCore_VS2022", "DBoperationsWIthEFCore_VS2022\DBoperationsWIthEFCore_VS2022.csproj", "{DF57AC58-E7FD-4B80-A3BC-0EA762259134}"
EndProject
Global
	GlobalSection(SolutionConfigurationPlatforms) = preSolution
		Debug|Any CPU = Debug|Any CPU
		Release|Any CPU = Release|Any CPU
	EndGlobalSection
	GlobalSection(ProjectConfigurationPlatforms) = postSolution
		{DF57AC58-E7FD-4B80-A3BC-0EA762259134}.Debug|Any CPU.ActiveCfg = Debug|Any CPU
		{DF57AC58-E7FD-4B80-A3BC-0EA762259134}.Debug|Any CPU.Build.0 = Debug|Any CPU
		{DF57AC58-E7FD-4B80-A3BC-0EA762259134}.Release|Any CPU.ActiveCfg = Release|Any CPU
		{DF57AC58-E7FD-4B80-A3BC-0EA762259134}.Release|Any CPU.Build.0 = Release|Any CPU
	EndGlobalSection
	GlobalSection(SolutionProperties) = preSolution
		HideSolutionNode = FALSE
	EndGlobalSection
	GlobalSection(ExtensibilityGlobals) = postSolution
		SolutionGuid = {6AE805CB-3822-4F20-9696-59BDABFE1040}
	EndGlobalSection
EndGlobal
